
Microsoft Visual Studio Solution File, Format Version 12.00
# Visual Studio Version 17
VisualStudioVersion = 17.3.32811.315
MinimumVisualStudioVersion = 10.0.40219.1
Project("{FAE04EC0-301F-11D3-BF4B-00C04F79EFBC}") = "ExeceptionalHandling", "ExeceptionalHandling\ExeceptionalHandling.csproj", "{E6FD01BE-3B61-4CE9-9A84-CF3560F438AD}"
EndProject
Global
	GlobalSection(SolutionConfigurationPlatforms) = preSolution
		Debug|Any CPU = Debug|Any CPU
		Release|Any CPU = Release|Any CPU
	EndGlobalSection
	GlobalSection(ProjectConfigurationPlatforms) = postSolution
		{E6FD01BE-3B61-4CE9-9A84-CF3560F438AD}.Debug|Any CPU.ActiveCfg = Debug|Any CPU
		{E6FD01BE-3B61-4CE9-9A84-CF3560F438AD}.Debug|Any CPU.Build.0 = Debug|Any CPU
		{E6FD01BE-3B61-4CE9-9A84-CF3560F438AD}.Release|Any CPU.ActiveCfg = Release|Any CPU
		{E6FD01BE-3B61-4CE9-9A84-CF3560F438AD}.Release|Any CPU.Build.0 = Release|Any CPU
	EndGlobalSection
	GlobalSection(SolutionProperties) = preSolution
		HideSolutionNode = FALSE
	EndGlobalSection
	GlobalSection(ExtensibilityGlobals) = postSolution
		SolutionGuid = {9B4D81B9-448C-4CB4-A938-89FB548B3FBA}
	EndGlobalSection
EndGlobal
