
Microsoft Visual Studio Solution File, Format Version 12.00
# Visual Studio Version 17
VisualStudioVersion = 17.3.32811.315
MinimumVisualStudioVersion = 10.0.40219.1
Project("{FAE04EC0-301F-11D3-BF4B-00C04F79EFBC}") = "12_Sep_Handson", "12_Sep_Handson\12_Sep_Handson.csproj", "{F6638A9C-2F68-4EC1-B616-4E8CF9D9EE71}"
	ProjectSection(ProjectDependencies) = postProject
		{16E8023C-81D3-4E8E-A411-EA4A694F8DEF} = {16E8023C-81D3-4E8E-A411-EA4A694F8DEF}
	EndProjectSection
EndProject
Project("{FAE04EC0-301F-11D3-BF4B-00C04F79EFBC}") = "LibraryCalculator", "ClassLibrary\LibraryCalculator.csproj", "{16E8023C-81D3-4E8E-A411-EA4A694F8DEF}"
EndProject
Global
	GlobalSection(SolutionConfigurationPlatforms) = preSolution
		Debug|Any CPU = Debug|Any CPU
		Release|Any CPU = Release|Any CPU
	EndGlobalSection
	GlobalSection(ProjectConfigurationPlatforms) = postSolution
		{F6638A9C-2F68-4EC1-B616-4E8CF9D9EE71}.Debug|Any CPU.ActiveCfg = Debug|Any CPU
		{F6638A9C-2F68-4EC1-B616-4E8CF9D9EE71}.Debug|Any CPU.Build.0 = Debug|Any CPU
		{F6638A9C-2F68-4EC1-B616-4E8CF9D9EE71}.Release|Any CPU.ActiveCfg = Release|Any CPU
		{F6638A9C-2F68-4EC1-B616-4E8CF9D9EE71}.Release|Any CPU.Build.0 = Release|Any CPU
		{16E8023C-81D3-4E8E-A411-EA4A694F8DEF}.Debug|Any CPU.ActiveCfg = Debug|Any CPU
		{16E8023C-81D3-4E8E-A411-EA4A694F8DEF}.Debug|Any CPU.Build.0 = Debug|Any CPU
		{16E8023C-81D3-4E8E-A411-EA4A694F8DEF}.Release|Any CPU.ActiveCfg = Release|Any CPU
		{16E8023C-81D3-4E8E-A411-EA4A694F8DEF}.Release|Any CPU.Build.0 = Release|Any CPU
	EndGlobalSection
	GlobalSection(SolutionProperties) = preSolution
		HideSolutionNode = FALSE
	EndGlobalSection
	GlobalSection(ExtensibilityGlobals) = postSolution
		SolutionGuid = {725DF6C9-C7F0-4F06-B57D-62F5250925CF}
	EndGlobalSection
EndGlobal
