
Microsoft Visual Studio Solution File, Format Version 12.00
# Visual Studio Version 17
VisualStudioVersion = 17.3.32811.315
MinimumVisualStudioVersion = 10.0.40219.1
Project("{FAE04EC0-301F-11D3-BF4B-00C04F79EFBC}") = "2_Sep_Handson", "2_Sep_Handson\2_Sep_Handson.csproj", "{5FCFF451-85A1-4188-B4D6-504907FE3369}"
	ProjectSection(ProjectDependencies) = postProject
		{E4F6E966-2D45-4738-9ED6-65912FF92C97} = {E4F6E966-2D45-4738-9ED6-65912FF92C97}
	EndProjectSection
EndProject
Project("{FAE04EC0-301F-11D3-BF4B-00C04F79EFBC}") = "ClassLibrary1", "ClassLibrary1\ClassLibrary1.csproj", "{E4F6E966-2D45-4738-9ED6-65912FF92C97}"
EndProject
Global
	GlobalSection(SolutionConfigurationPlatforms) = preSolution
		Debug|Any CPU = Debug|Any CPU
		Release|Any CPU = Release|Any CPU
	EndGlobalSection
	GlobalSection(ProjectConfigurationPlatforms) = postSolution
		{5FCFF451-85A1-4188-B4D6-504907FE3369}.Debug|Any CPU.ActiveCfg = Debug|Any CPU
		{5FCFF451-85A1-4188-B4D6-504907FE3369}.Debug|Any CPU.Build.0 = Debug|Any CPU
		{5FCFF451-85A1-4188-B4D6-504907FE3369}.Release|Any CPU.ActiveCfg = Release|Any CPU
		{5FCFF451-85A1-4188-B4D6-504907FE3369}.Release|Any CPU.Build.0 = Release|Any CPU
		{E4F6E966-2D45-4738-9ED6-65912FF92C97}.Debug|Any CPU.ActiveCfg = Debug|Any CPU
		{E4F6E966-2D45-4738-9ED6-65912FF92C97}.Debug|Any CPU.Build.0 = Debug|Any CPU
		{E4F6E966-2D45-4738-9ED6-65912FF92C97}.Release|Any CPU.ActiveCfg = Release|Any CPU
		{E4F6E966-2D45-4738-9ED6-65912FF92C97}.Release|Any CPU.Build.0 = Release|Any CPU
	EndGlobalSection
	GlobalSection(SolutionProperties) = preSolution
		HideSolutionNode = FALSE
	EndGlobalSection
	GlobalSection(ExtensibilityGlobals) = postSolution
		SolutionGuid = {4CC4E2A5-F489-47FA-A29C-606C4BDEE559}
	EndGlobalSection
EndGlobal
